
Microsoft Visual Studio Solution File, Format Version 12.00
# Visual Studio 2013
VisualStudioVersion = 12.0.40629.0
MinimumVisualStudioVersion = 10.0.40219.1
Project("{FAE04EC0-301F-11D3-BF4B-00C04F79EFBC}") = "MyLoadTest.VuGenAddInManager", "MyLoadTest.VuGenAddInManager\MyLoadTest.VuGenAddInManager.csproj", "{7A7D584E-EBF6-4ED9-AF2F-18B5F236151E}"
EndProject
Project("{930C7802-8A8C-48F9-8165-68863BCCD9DD}") = "MyLoadTest.VuGenAddInManager.Setup", "MyLoadTest.VuGenAddInManager.Setup\MyLoadTest.VuGenAddInManager.Setup.wixproj", "{E909A9DC-3FCB-4F83-B11A-E665EF8F0D8A}"
EndProject
Project("{930C7802-8A8C-48F9-8165-68863BCCD9DD}") = "MyLoadTest.VuGenAddInManager.Installer", "MyLoadTest.VuGenAddInManager.Installer\MyLoadTest.VuGenAddInManager.Installer.wixproj", "{D2C60DB8-5923-4776-ACB6-2A7671B43091}"
EndProject
Global
	GlobalSection(SolutionConfigurationPlatforms) = preSolution
		Debug|Mixed Platforms = Debug|Mixed Platforms
		Release|Mixed Platforms = Release|Mixed Platforms
	EndGlobalSection
	GlobalSection(ProjectConfigurationPlatforms) = postSolution
		{7A7D584E-EBF6-4ED9-AF2F-18B5F236151E}.Debug|Mixed Platforms.ActiveCfg = Debug|Any CPU
		{7A7D584E-EBF6-4ED9-AF2F-18B5F236151E}.Debug|Mixed Platforms.Build.0 = Debug|Any CPU
		{7A7D584E-EBF6-4ED9-AF2F-18B5F236151E}.Release|Mixed Platforms.ActiveCfg = Release|Any CPU
		{7A7D584E-EBF6-4ED9-AF2F-18B5F236151E}.Release|Mixed Platforms.Build.0 = Release|Any CPU
		{E909A9DC-3FCB-4F83-B11A-E665EF8F0D8A}.Debug|Mixed Platforms.ActiveCfg = Debug|x86
		{E909A9DC-3FCB-4F83-B11A-E665EF8F0D8A}.Debug|Mixed Platforms.Build.0 = Debug|x86
		{E909A9DC-3FCB-4F83-B11A-E665EF8F0D8A}.Release|Mixed Platforms.ActiveCfg = Release|x86
		{E909A9DC-3FCB-4F83-B11A-E665EF8F0D8A}.Release|Mixed Platforms.Build.0 = Release|x86
		{D2C60DB8-5923-4776-ACB6-2A7671B43091}.Debug|Mixed Platforms.ActiveCfg = Debug|x86
		{D2C60DB8-5923-4776-ACB6-2A7671B43091}.Debug|Mixed Platforms.Build.0 = Debug|x86
		{D2C60DB8-5923-4776-ACB6-2A7671B43091}.Release|Mixed Platforms.ActiveCfg = Release|x86
		{D2C60DB8-5923-4776-ACB6-2A7671B43091}.Release|Mixed Platforms.Build.0 = Release|x86
	EndGlobalSection
	GlobalSection(SolutionProperties) = preSolution
		HideSolutionNode = FALSE
	EndGlobalSection
EndGlobal
